
Microsoft Visual Studio Solution File, Format Version 12.00
# Visual Studio Version 16
VisualStudioVersion = 16.0.29709.97
MinimumVisualStudioVersion = 10.0.40219.1
Project("{FAE04EC0-301F-11D3-BF4B-00C04F79EFBC}") = "CursoMVC", "CursoMVC\CursoMVC.csproj", "{FFD6BB99-9177-4B6C-BB5C-4B18AA7D3A4D}"
EndProject
Global
	GlobalSection(SolutionConfigurationPlatforms) = preSolution
		Debug|Any CPU = Debug|Any CPU
		Release|Any CPU = Release|Any CPU
	EndGlobalSection
	GlobalSection(ProjectConfigurationPlatforms) = postSolution
		{FFD6BB99-9177-4B6C-BB5C-4B18AA7D3A4D}.Debug|Any CPU.ActiveCfg = Debug|Any CPU
		{FFD6BB99-9177-4B6C-BB5C-4B18AA7D3A4D}.Debug|Any CPU.Build.0 = Debug|Any CPU
		{FFD6BB99-9177-4B6C-BB5C-4B18AA7D3A4D}.Release|Any CPU.ActiveCfg = Release|Any CPU
		{FFD6BB99-9177-4B6C-BB5C-4B18AA7D3A4D}.Release|Any CPU.Build.0 = Release|Any CPU
	EndGlobalSection
	GlobalSection(SolutionProperties) = preSolution
		HideSolutionNode = FALSE
	EndGlobalSection
	GlobalSection(ExtensibilityGlobals) = postSolution
		SolutionGuid = {7F18EFE8-48EA-4E6E-8E89-11C8F9585F6C}
	EndGlobalSection
EndGlobal
